
Microsoft Visual Studio Solution File, Format Version 12.00
# Visual Studio Version 17
VisualStudioVersion = 17.5.002.0
MinimumVisualStudioVersion = 10.0.40219.1
Project("{9A19103F-16F7-4668-BE54-9A1E7A4F7556}") = "backend", "backend.csproj", "{A6359796-8C10-44F4-8505-E0BED84F0F97}"
EndProject
Global
	GlobalSection(SolutionConfigurationPlatforms) = preSolution
		Debug|Any CPU = Debug|Any CPU
		Release|Any CPU = Release|Any CPU
	EndGlobalSection
	GlobalSection(ProjectConfigurationPlatforms) = postSolution
		{A6359796-8C10-44F4-8505-E0BED84F0F97}.Debug|Any CPU.ActiveCfg = Debug|Any CPU
		{A6359796-8C10-44F4-8505-E0BED84F0F97}.Debug|Any CPU.Build.0 = Debug|Any CPU
		{A6359796-8C10-44F4-8505-E0BED84F0F97}.Release|Any CPU.ActiveCfg = Release|Any CPU
		{A6359796-8C10-44F4-8505-E0BED84F0F97}.Release|Any CPU.Build.0 = Release|Any CPU
	EndGlobalSection
	GlobalSection(SolutionProperties) = preSolution
		HideSolutionNode = FALSE
	EndGlobalSection
	GlobalSection(ExtensibilityGlobals) = postSolution
		SolutionGuid = {11997C01-812F-4C7F-82EA-8F58F546B5AE}
	EndGlobalSection
EndGlobal
